
Microsoft Visual Studio Solution File, Format Version 12.00
# Visual Studio Version 16
VisualStudioVersion = 16.0.29509.3
MinimumVisualStudioVersion = 10.0.40219.1
Project("{FAE04EC0-301F-11D3-BF4B-00C04F79EFBC}") = "AndroidAppiumProject", "AndroidAppiumProject\AndroidAppiumProject.csproj", "{945D8B04-C9FC-4605-9A7B-D623D589DE79}"
EndProject
Global
	GlobalSection(SolutionConfigurationPlatforms) = preSolution
		Debug|Any CPU = Debug|Any CPU
		Release|Any CPU = Release|Any CPU
	EndGlobalSection
	GlobalSection(ProjectConfigurationPlatforms) = postSolution
		{945D8B04-C9FC-4605-9A7B-D623D589DE79}.Debug|Any CPU.ActiveCfg = Debug|Any CPU
		{945D8B04-C9FC-4605-9A7B-D623D589DE79}.Debug|Any CPU.Build.0 = Debug|Any CPU
		{945D8B04-C9FC-4605-9A7B-D623D589DE79}.Release|Any CPU.ActiveCfg = Release|Any CPU
		{945D8B04-C9FC-4605-9A7B-D623D589DE79}.Release|Any CPU.Build.0 = Release|Any CPU
	EndGlobalSection
	GlobalSection(SolutionProperties) = preSolution
		HideSolutionNode = FALSE
	EndGlobalSection
	GlobalSection(ExtensibilityGlobals) = postSolution
		SolutionGuid = {8AFDAD55-159C-4FE6-9D64-E72E1F0FC74A}
	EndGlobalSection
EndGlobal
